
Microsoft Visual Studio Solution File, Format Version 12.00
# Visual Studio Version 16
VisualStudioVersion = 16.6.30114.105
MinimumVisualStudioVersion = 10.0.40219.1
Project("{F2A71F9B-5D33-465A-A702-920D77279786}") = "Akka.Chat", "Akka.Chat\Akka.Chat.fsproj", "{B8452E3C-F868-44B4-936C-3206B1F42094}"
EndProject
Project("{F2A71F9B-5D33-465A-A702-920D77279786}") = "Akka.Chat.Service", "Akka.Chat.Service\Akka.Chat.Service.fsproj", "{2E5AEF8B-D1FF-42E5-A5C2-61580D7F1FF3}"
EndProject
Project("{F2A71F9B-5D33-465A-A702-920D77279786}") = "Akka.Chat.Service.Tests", "Akka.Chat.Service.Tests\Akka.Chat.Service.Tests.fsproj", "{99DCC027-C9E4-46C1-AE03-DC2E38B63478}"
EndProject
Global
	GlobalSection(SolutionConfigurationPlatforms) = preSolution
		Debug|Any CPU = Debug|Any CPU
		Debug|x64 = Debug|x64
		Debug|x86 = Debug|x86
		Release|Any CPU = Release|Any CPU
		Release|x64 = Release|x64
		Release|x86 = Release|x86
	EndGlobalSection
	GlobalSection(SolutionProperties) = preSolution
		HideSolutionNode = FALSE
	EndGlobalSection
	GlobalSection(ProjectConfigurationPlatforms) = postSolution
		{B8452E3C-F868-44B4-936C-3206B1F42094}.Debug|Any CPU.ActiveCfg = Debug|Any CPU
		{B8452E3C-F868-44B4-936C-3206B1F42094}.Debug|Any CPU.Build.0 = Debug|Any CPU
		{B8452E3C-F868-44B4-936C-3206B1F42094}.Debug|x64.ActiveCfg = Debug|Any CPU
		{B8452E3C-F868-44B4-936C-3206B1F42094}.Debug|x64.Build.0 = Debug|Any CPU
		{B8452E3C-F868-44B4-936C-3206B1F42094}.Debug|x86.ActiveCfg = Debug|Any CPU
		{B8452E3C-F868-44B4-936C-3206B1F42094}.Debug|x86.Build.0 = Debug|Any CPU
		{B8452E3C-F868-44B4-936C-3206B1F42094}.Release|Any CPU.ActiveCfg = Release|Any CPU
		{B8452E3C-F868-44B4-936C-3206B1F42094}.Release|Any CPU.Build.0 = Release|Any CPU
		{B8452E3C-F868-44B4-936C-3206B1F42094}.Release|x64.ActiveCfg = Release|Any CPU
		{B8452E3C-F868-44B4-936C-3206B1F42094}.Release|x64.Build.0 = Release|Any CPU
		{B8452E3C-F868-44B4-936C-3206B1F42094}.Release|x86.ActiveCfg = Release|Any CPU
		{B8452E3C-F868-44B4-936C-3206B1F42094}.Release|x86.Build.0 = Release|Any CPU
		{2E5AEF8B-D1FF-42E5-A5C2-61580D7F1FF3}.Debug|Any CPU.ActiveCfg = Debug|Any CPU
		{2E5AEF8B-D1FF-42E5-A5C2-61580D7F1FF3}.Debug|Any CPU.Build.0 = Debug|Any CPU
		{2E5AEF8B-D1FF-42E5-A5C2-61580D7F1FF3}.Debug|x64.ActiveCfg = Debug|Any CPU
		{2E5AEF8B-D1FF-42E5-A5C2-61580D7F1FF3}.Debug|x64.Build.0 = Debug|Any CPU
		{2E5AEF8B-D1FF-42E5-A5C2-61580D7F1FF3}.Debug|x86.ActiveCfg = Debug|Any CPU
		{2E5AEF8B-D1FF-42E5-A5C2-61580D7F1FF3}.Debug|x86.Build.0 = Debug|Any CPU
		{2E5AEF8B-D1FF-42E5-A5C2-61580D7F1FF3}.Release|Any CPU.ActiveCfg = Release|Any CPU
		{2E5AEF8B-D1FF-42E5-A5C2-61580D7F1FF3}.Release|Any CPU.Build.0 = Release|Any CPU
		{2E5AEF8B-D1FF-42E5-A5C2-61580D7F1FF3}.Release|x64.ActiveCfg = Release|Any CPU
		{2E5AEF8B-D1FF-42E5-A5C2-61580D7F1FF3}.Release|x64.Build.0 = Release|Any CPU
		{2E5AEF8B-D1FF-42E5-A5C2-61580D7F1FF3}.Release|x86.ActiveCfg = Release|Any CPU
		{2E5AEF8B-D1FF-42E5-A5C2-61580D7F1FF3}.Release|x86.Build.0 = Release|Any CPU
		{99DCC027-C9E4-46C1-AE03-DC2E38B63478}.Debug|Any CPU.ActiveCfg = Debug|Any CPU
		{99DCC027-C9E4-46C1-AE03-DC2E38B63478}.Debug|Any CPU.Build.0 = Debug|Any CPU
		{99DCC027-C9E4-46C1-AE03-DC2E38B63478}.Debug|x64.ActiveCfg = Debug|Any CPU
		{99DCC027-C9E4-46C1-AE03-DC2E38B63478}.Debug|x64.Build.0 = Debug|Any CPU
		{99DCC027-C9E4-46C1-AE03-DC2E38B63478}.Debug|x86.ActiveCfg = Debug|Any CPU
		{99DCC027-C9E4-46C1-AE03-DC2E38B63478}.Debug|x86.Build.0 = Debug|Any CPU
		{99DCC027-C9E4-46C1-AE03-DC2E38B63478}.Release|Any CPU.ActiveCfg = Release|Any CPU
		{99DCC027-C9E4-46C1-AE03-DC2E38B63478}.Release|Any CPU.Build.0 = Release|Any CPU
		{99DCC027-C9E4-46C1-AE03-DC2E38B63478}.Release|x64.ActiveCfg = Release|Any CPU
		{99DCC027-C9E4-46C1-AE03-DC2E38B63478}.Release|x64.Build.0 = Release|Any CPU
		{99DCC027-C9E4-46C1-AE03-DC2E38B63478}.Release|x86.ActiveCfg = Release|Any CPU
		{99DCC027-C9E4-46C1-AE03-DC2E38B63478}.Release|x86.Build.0 = Release|Any CPU
	EndGlobalSection
EndGlobal
